// !$*UTF8*$!
{
	archiveVersion = 1;
	classes = {
	};
	objectVersion = 52;
	objects = {

/* Begin PBXBuildFile section */
		805ED44D25DD1806008A4D88 /* InscriptionApp.swift in Sources */ = {isa = PBXBuildFile; fileRef = 805ED44C25DD1806008A4D88 /* InscriptionApp.swift */; };
		805ED44F25DD1806008A4D88 /* ContentView.swift in Sources */ = {isa = PBXBuildFile; fileRef = 805ED44E25DD1806008A4D88 /* ContentView.swift */; };
		805ED45125DD1807008A4D88 /* Assets.xcassets in Resources */ = {isa = PBXBuildFile; fileRef = 805ED45025DD1807008A4D88 /* Assets.xcassets */; };
		805ED45425DD1807008A4D88 /* Preview Assets.xcassets in Resources */ = {isa = PBXBuildFile; fileRef = 805ED45325DD1807008A4D88 /* Preview Assets.xcassets */; };
		805ED46125DD214E008A4D88 /* GoogleService-Info.plist in Resources */ = {isa = PBXBuildFile; fileRef = 805ED46025DD214E008A4D88 /* GoogleService-Info.plist */; };
		805ED46525DD23D8008A4D88 /* FirebaseAuth in Frameworks */ = {isa = PBXBuildFile; productRef = 805ED46425DD23D8008A4D88 /* FirebaseAuth */; };
		805ED46725DD23D8008A4D88 /* FirebaseDatabase in Frameworks */ = {isa = PBXBuildFile; productRef = 805ED46625DD23D8008A4D88 /* FirebaseDatabase */; };
		805ED46B25DD34C6008A4D88 /* FloatingMenu.swift in Sources */ = {isa = PBXBuildFile; fileRef = 805ED46A25DD34C6008A4D88 /* FloatingMenu.swift */; };
		80B9EA0025DE732B00C616C1 /* AppDelegate.swift in Sources */ = {isa = PBXBuildFile; fileRef = 80B9E9FF25DE732B00C616C1 /* AppDelegate.swift */; };
/* End PBXBuildFile section */

/* Begin PBXFileReference section */
		805ED44925DD1806008A4D88 /* Inscription.app */ = {isa = PBXFileReference; explicitFileType = wrapper.application; includeInIndex = 0; path = Inscription.app; sourceTree = BUILT_PRODUCTS_DIR; };
		805ED44C25DD1806008A4D88 /* InscriptionApp.swift */ = {isa = PBXFileReference; lastKnownFileType = sourcecode.swift; path = InscriptionApp.swift; sourceTree = "<group>"; };
		805ED44E25DD1806008A4D88 /* ContentView.swift */ = {isa = PBXFileReference; indentWidth = 6; lastKnownFileType = sourcecode.swift; path = ContentView.swift; sourceTree = "<group>"; tabWidth = 6; usesTabs = 1; };
		805ED45025DD1807008A4D88 /* Assets.xcassets */ = {isa = PBXFileReference; lastKnownFileType = folder.assetcatalog; path = Assets.xcassets; sourceTree = "<group>"; };
		805ED45325DD1807008A4D88 /* Preview Assets.xcassets */ = {isa = PBXFileReference; lastKnownFileType = folder.assetcatalog; path = "Preview Assets.xcassets"; sourceTree = "<group>"; };
		805ED45525DD1807008A4D88 /* Info.plist */ = {isa = PBXFileReference; lastKnownFileType = text.plist.xml; path = Info.plist; sourceTree = "<group>"; };
		805ED46025DD214E008A4D88 /* GoogleService-Info.plist */ = {isa = PBXFileReference; fileEncoding = 4; lastKnownFileType = text.plist.xml; name = "GoogleService-Info.plist"; path = "../../../../Downloads/GoogleService-Info.plist"; sourceTree = "<group>"; };
		805ED46A25DD34C6008A4D88 /* FloatingMenu.swift */ = {isa = PBXFileReference; lastKnownFileType = sourcecode.swift; path = FloatingMenu.swift; sourceTree = "<group>"; };
		80B9E9FF25DE732B00C616C1 /* AppDelegate.swift */ = {isa = PBXFileReference; lastKnownFileType = sourcecode.swift; path = AppDelegate.swift; sourceTree = "<group>"; };
/* End PBXFileReference section */

/* Begin PBXFrameworksBuildPhase section */
		805ED44625DD1806008A4D88 /* Frameworks */ = {
			isa = PBXFrameworksBuildPhase;
			buildActionMask = 2147483647;
			files = (
				805ED46725DD23D8008A4D88 /* FirebaseDatabase in Frameworks */,
				805ED46525DD23D8008A4D88 /* FirebaseAuth in Frameworks */,
			);
			runOnlyForDeploymentPostprocessing = 0;
		};
/* End PBXFrameworksBuildPhase section */

/* Begin PBXGroup section */
		805ED44025DD1806008A4D88 = {
			isa = PBXGroup;
			children = (
				805ED44B25DD1806008A4D88 /* Inscription */,
				805ED44A25DD1806008A4D88 /* Products */,
			);
			sourceTree = "<group>";
		};
		805ED44A25DD1806008A4D88 /* Products */ = {
			isa = PBXGroup;
			children = (
				805ED44925DD1806008A4D88 /* Inscription.app */,
			);
			name = Products;
			sourceTree = "<group>";
		};
		805ED44B25DD1806008A4D88 /* Inscription */ = {
			isa = PBXGroup;
			children = (
				805ED44C25DD1806008A4D88 /* InscriptionApp.swift */,
				805ED44E25DD1806008A4D88 /* ContentView.swift */,
				805ED45025DD1807008A4D88 /* Assets.xcassets */,
				805ED46025DD214E008A4D88 /* GoogleService-Info.plist */,
				805ED45525DD1807008A4D88 /* Info.plist */,
				805ED45225DD1807008A4D88 /* Preview Content */,
			);
			path = Inscription;
			sourceTree = "<group>";
		};
		805ED45225DD1807008A4D88 /* Preview Content */ = {
			isa = PBXGroup;
			children = (
				805ED45325DD1807008A4D88 /* Preview Assets.xcassets */,
				805ED46A25DD34C6008A4D88 /* FloatingMenu.swift */,
				80B9E9FF25DE732B00C616C1 /* AppDelegate.swift */,
			);
			path = "Preview Content";
			sourceTree = "<group>";
		};
/* End PBXGroup section */

/* Begin PBXNativeTarget section */
		805ED44825DD1806008A4D88 /* Inscription */ = {
			isa = PBXNativeTarget;
			buildConfigurationList = 805ED45825DD1807008A4D88 /* Build configuration list for PBXNativeTarget "Inscription" */;
			buildPhases = (
				805ED44525DD1806008A4D88 /* Sources */,
				805ED44625DD1806008A4D88 /* Frameworks */,
				805ED44725DD1806008A4D88 /* Resources */,
			);
			buildRules = (
			);
			dependencies = (
			);
			name = Inscription;
			packageProductDependencies = (
				805ED46425DD23D8008A4D88 /* FirebaseAuth */,
				805ED46625DD23D8008A4D88 /* FirebaseDatabase */,
			);
			productName = Inscription;
			productReference = 805ED44925DD1806008A4D88 /* Inscription.app */;
			productType = "com.apple.product-type.application";
		};
/* End PBXNativeTarget section */

/* Begin PBXProject section */
		805ED44125DD1806008A4D88 /* Project object */ = {
			isa = PBXProject;
			attributes = {
				LastSwiftUpdateCheck = 1240;
				LastUpgradeCheck = 1240;
				TargetAttributes = {
					805ED44825DD1806008A4D88 = {
						CreatedOnToolsVersion = 12.4;
					};
				};
			};
			buildConfigurationList = 805ED44425DD1806008A4D88 /* Build configuration list for PBXProject "Inscription" */;
			compatibilityVersion = "Xcode 9.3";
			developmentRegion = en;
			hasScannedForEncodings = 0;
			knownRegions = (
				en,
				Base,
			);
			mainGroup = 805ED44025DD1806008A4D88;
			packageReferences = (
				805ED46325DD23D8008A4D88 /* XCRemoteSwiftPackageReference "firebase-ios-sdk" */,
			);
			productRefGroup = 805ED44A25DD1806008A4D88 /* Products */;
			projectDirPath = "";
			projectRoot = "";
			targets = (
				805ED44825DD1806008A4D88 /* Inscription */,
			);
		};
/* End PBXProject section */

/* Begin PBXResourcesBuildPhase section */
		805ED44725DD1806008A4D88 /* Resources */ = {
			isa = PBXResourcesBuildPhase;
			buildActionMask = 2147483647;
			files = (
				805ED45425DD1807008A4D88 /* Preview Assets.xcassets in Resources */,
				805ED45125DD1807008A4D88 /* Assets.xcassets in Resources */,
				805ED46125DD214E008A4D88 /* GoogleService-Info.plist in Resources */,
			);
			runOnlyForDeploymentPostprocessing = 0;
		};
/* End PBXResourcesBuildPhase section */

/* Begin PBXSourcesBuildPhase section */
		805ED44525DD1806008A4D88 /* Sources */ = {
			isa = PBXSourcesBuildPhase;
			buildActionMask = 2147483647;
			files = (
				80B9EA0025DE732B00C616C1 /* AppDelegate.swift in Sources */,
				805ED44F25DD1806008A4D88 /* ContentView.swift in Sources */,
				805ED46B25DD34C6008A4D88 /* FloatingMenu.swift in Sources */,
				805ED44D25DD1806008A4D88 /* InscriptionApp.swift in Sources */,
			);
			runOnlyForDeploymentPostprocessing = 0;
		};
/* End PBXSourcesBuildPhase section */

/* Begin XCBuildConfiguration section */
		805ED45625DD1807008A4D88 /* Debug */ = {
			isa = XCBuildConfiguration;
			buildSettings = {
				ALWAYS_SEARCH_USER_PATHS = NO;
				CLANG_ANALYZER_NONNULL = YES;
				CLANG_ANALYZER_NUMBER_OBJECT_CONVERSION = YES_AGGRESSIVE;
				CLANG_CXX_LANGUAGE_STANDARD = "gnu++14";
				CLANG_CXX_LIBRARY = "libc++";
				CLANG_ENABLE_MODULES = YES;
				CLANG_ENABLE_OBJC_ARC = YES;
				CLANG_ENABLE_OBJC_WEAK = YES;
				CLANG_WARN_BLOCK_CAPTURE_AUTORELEASING = YES;
				CLANG_WARN_BOOL_CONVERSION = YES;
				CLANG_WARN_COMMA = YES;
				CLANG_WARN_CONSTANT_CONVERSION = YES;
				CLANG_WARN_DEPRECATED_OBJC_IMPLEMENTATIONS = YES;
				CLANG_WARN_DIRECT_OBJC_ISA_USAGE = YES_ERROR;
				CLANG_WARN_DOCUMENTATION_COMMENTS = YES;
				CLANG_WARN_EMPTY_BODY = YES;
				CLANG_WARN_ENUM_CONVERSION = YES;
				CLANG_WARN_INFINITE_RECURSION = YES;
				CLANG_WARN_INT_CONVERSION = YES;
				CLANG_WARN_NON_LITERAL_NULL_CONVERSION = YES;
				CLANG_WARN_OBJC_IMPLICIT_RETAIN_SELF = YES;
				CLANG_WARN_OBJC_LITERAL_CONVERSION = YES;
				CLANG_WARN_OBJC_ROOT_CLASS = YES_ERROR;
				CLANG_WARN_QUOTED_INCLUDE_IN_FRAMEWORK_HEADER = YES;
				CLANG_WARN_RANGE_LOOP_ANALYSIS = YES;
				CLANG_WARN_STRICT_PROTOTYPES = YES;
				CLANG_WARN_SUSPICIOUS_MOVE = YES;
				CLANG_WARN_UNGUARDED_AVAILABILITY = YES_AGGRESSIVE;
				CLANG_WARN_UNREACHABLE_CODE = YES;
				CLANG_WARN__DUPLICATE_METHOD_MATCH = YES;
				COPY_PHASE_STRIP = NO;
				DEBUG_INFORMATION_FORMAT = dwarf;
				ENABLE_STRICT_OBJC_MSGSEND = YES;
				ENABLE_TESTABILITY = YES;
				GCC_C_LANGUAGE_STANDARD = gnu11;
				GCC_DYNAMIC_NO_PIC = NO;
				GCC_NO_COMMON_BLOCKS = YES;
				GCC_OPTIMIZATION_LEVEL = 0;
				GCC_PREPROCESSOR_DEFINITIONS = (
					"DEBUG=1",
					"$(inherited)",
				);
				GCC_WARN_64_TO_32_BIT_CONVERSION = YES;
				GCC_WARN_ABOUT_RETURN_TYPE = YES_ERROR;
				GCC_WARN_UNDECLARED_SELECTOR = YES;
				GCC_WARN_UNINITIALIZED_AUTOS = YES_AGGRESSIVE;
				GCC_WARN_UNUSED_FUNCTION = YES;
				GCC_WARN_UNUSED_VARIABLE = YES;
				IPHONEOS_DEPLOYMENT_TARGET = 14.4;
				MTL_ENABLE_DEBUG_INFO = INCLUDE_SOURCE;
				MTL_FAST_MATH = YES;
				ONLY_ACTIVE_ARCH = YES;
				SDKROOT = iphoneos;
				SWIFT_ACTIVE_COMPILATION_CONDITIONS = DEBUG;
				SWIFT_OPTIMIZATION_LEVEL = "-Onone";
			};
			name = Debug;
		};
		805ED45725DD1807008A4D88 /* Release */ = {
			isa = XCBuildConfiguration;
			buildSettings = {
				ALWAYS_SEARCH_USER_PATHS = NO;
				CLANG_ANALYZER_NONNULL = YES;
				CLANG_ANALYZER_NUMBER_OBJECT_CONVERSION = YES_AGGRESSIVE;
				CLANG_CXX_LANGUAGE_STANDARD = "gnu++14";
				CLANG_CXX_LIBRARY = "libc++";
				CLANG_ENABLE_MODULES = YES;
				CLANG_ENABLE_OBJC_ARC = YES;
				CLANG_ENABLE_OBJC_WEAK = YES;
				CLANG_WARN_BLOCK_CAPTURE_AUTORELEASING = YES;
				CLANG_WARN_BOOL_CONVERSION = YES;
				CLANG_WARN_COMMA = YES;
				CLANG_WARN_CONSTANT_CONVERSION = YES;
				CLANG_WARN_DEPRECATED_OBJC_IMPLEMENTATIONS = YES;
				CLANG_WARN_DIRECT_OBJC_ISA_USAGE = YES_ERROR;
				CLANG_WARN_DOCUMENTATION_COMMENTS = YES;
				CLANG_WARN_EMPTY_BODY = YES;
				CLANG_WARN_ENUM_CONVERSION = YES;
				CLANG_WARN_INFINITE_RECURSION = YES;
				CLANG_WARN_INT_CONVERSION = YES;
				CLANG_WARN_NON_LITERAL_NULL_CONVERSION = YES;
				CLANG_WARN_OBJC_IMPLICIT_RETAIN_SELF = YES;
				CLANG_WARN_OBJC_LITERAL_CONVERSION = YES;
				CLANG_WARN_OBJC_ROOT_CLASS = YES_ERROR;
				CLANG_WARN_QUOTED_INCLUDE_IN_FRAMEWORK_HEADER = YES;
				CLANG_WARN_RANGE_LOOP_ANALYSIS = YES;
				CLANG_WARN_STRICT_PROTOTYPES = YES;
				CLANG_WARN_SUSPICIOUS_MOVE = YES;
				CLANG_WARN_UNGUARDED_AVAILABILITY = YES_AGGRESSIVE;
				CLANG_WARN_UNREACHABLE_CODE = YES;
				CLANG_WARN__DUPLICATE_METHOD_MATCH = YES;
				COPY_PHASE_STRIP = NO;
				DEBUG_INFORMATION_FORMAT = "dwarf-with-dsym";
				ENABLE_NS_ASSERTIONS = NO;
				ENABLE_STRICT_OBJC_MSGSEND = YES;
				GCC_C_LANGUAGE_STANDARD = gnu11;
				GCC_NO_COMMON_BLOCKS = YES;
				GCC_WARN_64_TO_32_BIT_CONVERSION = YES;
				GCC_WARN_ABOUT_RETURN_TYPE = YES_ERROR;
				GCC_WARN_UNDECLARED_SELECTOR = YES;
				GCC_WARN_UNINITIALIZED_AUTOS = YES_AGGRESSIVE;
				GCC_WARN_UNUSED_FUNCTION = YES;
				GCC_WARN_UNUSED_VARIABLE = YES;
				IPHONEOS_DEPLOYMENT_TARGET = 14.4;
				MTL_ENABLE_DEBUG_INFO = NO;
				MTL_FAST_MATH = YES;
				SDKROOT = iphoneos;
				SWIFT_COMPILATION_MODE = wholemodule;
				SWIFT_OPTIMIZATION_LEVEL = "-O";
				VALIDATE_PRODUCT = YES;
			};
			name = Release;
		};
		805ED45925DD1807008A4D88 /* Debug */ = {
			isa = XCBuildConfiguration;
			buildSettings = {
				ASSETCATALOG_COMPILER_APPICON_NAME = AppIcon;
				ASSETCATALOG_COMPILER_GLOBAL_ACCENT_COLOR_NAME = AccentColor;
				CODE_SIGN_STYLE = Automatic;
				DEVELOPMENT_ASSET_PATHS = "\"Inscription/Preview Content\"";
				ENABLE_PREVIEWS = YES;
				INFOPLIST_FILE = Inscription/Info.plist;
				IPHONEOS_DEPLOYMENT_TARGET = 14.0;
				LD_RUNPATH_SEARCH_PATHS = (
					"$(inherited)",
					"@executable_path/Frameworks",
				);
				PRODUCT_BUNDLE_IDENTIFIER = app.thierno.Inscription;
				PRODUCT_NAME = "$(TARGET_NAME)";
				SWIFT_VERSION = 5.0;
				TARGETED_DEVICE_FAMILY = "1,2";
			};
			name = Debug;
		};
		805ED45A25DD1807008A4D88 /* Release */ = {
			isa = XCBuildConfiguration;
			buildSettings = {
				ASSETCATALOG_COMPILER_APPICON_NAME = AppIcon;
				ASSETCATALOG_COMPILER_GLOBAL_ACCENT_COLOR_NAME = AccentColor;
				CODE_SIGN_STYLE = Automatic;
				DEVELOPMENT_ASSET_PATHS = "\"Inscription/Preview Content\"";
				ENABLE_PREVIEWS = YES;
				INFOPLIST_FILE = Inscription/Info.plist;
				IPHONEOS_DEPLOYMENT_TARGET = 14.0;
				LD_RUNPATH_SEARCH_PATHS = (
					"$(inherited)",
					"@executable_path/Frameworks",
				);
				PRODUCT_BUNDLE_IDENTIFIER = app.thierno.Inscription;
				PRODUCT_NAME = "$(TARGET_NAME)";
				SWIFT_VERSION = 5.0;
				TARGETED_DEVICE_FAMILY = "1,2";
			};
			name = Release;
		};
/* End XCBuildConfiguration section */

/* Begin XCConfigurationList section */
		805ED44425DD1806008A4D88 /* Build configuration list for PBXProject "Inscription" */ = {
			isa = XCConfigurationList;
			buildConfigurations = (
				805ED45625DD1807008A4D88 /* Debug */,
				805ED45725DD1807008A4D88 /* Release */,
			);
			defaultConfigurationIsVisible = 0;
			defaultConfigurationName = Release;
		};
		805ED45825DD1807008A4D88 /* Build configuration list for PBXNativeTarget "Inscription" */ = {
			isa = XCConfigurationList;
			buildConfigurations = (
				805ED45925DD1807008A4D88 /* Debug */,
				805ED45A25DD1807008A4D88 /* Release */,
			);
			defaultConfigurationIsVisible = 0;
			defaultConfigurationName = Release;
		};
/* End XCConfigurationList section */

/* Begin XCRemoteSwiftPackageReference section */
		805ED46325DD23D8008A4D88 /* XCRemoteSwiftPackageReference "firebase-ios-sdk" */ = {
			isa = XCRemoteSwiftPackageReference;
			repositoryURL = "https://github.com/firebase/firebase-ios-sdk.git";
			requirement = {
				kind = upToNextMajorVersion;
				minimumVersion = 7.6.0;
			};
		};
/* End XCRemoteSwiftPackageReference section */

/* Begin XCSwiftPackageProductDependency section */
		805ED46425DD23D8008A4D88 /* FirebaseAuth */ = {
			isa = XCSwiftPackageProductDependency;
			package = 805ED46325DD23D8008A4D88 /* XCRemoteSwiftPackageReference "firebase-ios-sdk" */;
			productName = FirebaseAuth;
		};
		805ED46625DD23D8008A4D88 /* FirebaseDatabase */ = {
			isa = XCSwiftPackageProductDependency;
			package = 805ED46325DD23D8008A4D88 /* XCRemoteSwiftPackageReference "firebase-ios-sdk" */;
			productName = FirebaseDatabase;
		};
/* End XCSwiftPackageProductDependency section */
	};
	rootObject = 805ED44125DD1806008A4D88 /* Project object */;
}
